<?xml version="1.0" encoding="utf-8"?>
<Project ToolsVersion="4.0" xmlns="http://schemas.microsoft.com/developer/msbuild/2003">
  <ItemGroup>
    <Filter Include="Fichiers sources">
      <UniqueIdentifier>{4FC737F1-C7A5-4376-A066-2A32D752A2FF}</UniqueIdentifier>
      <Extensions>cpp;c;cc;cxx;c++;cppm;ixx;def;odl;idl;hpj;bat;asm;asmx</Extensions>
    </Filter>
    <Filter Include="Fichiers d%27en-tête">
      <UniqueIdentifier>{93995380-89BD-4b04-88EB-625FBE52EBFB}</UniqueIdentifier>
      <Extensions>h;hh;hpp;hxx;h++;hm;inl;inc;ipp;xsd</Extensions>
    </Filter>
    <Filter Include="Fichiers de ressources">
      <UniqueIdentifier>{67DA6AB6-F800-4c08-8B7A-83BB121AAD01}</UniqueIdentifier>
      <Extensions>rc;ico;cur;bmp;dlg;rc2;rct;bin;rgs;gif;jpg;jpeg;jpe;resx;tiff;tif;png;wav;mfcribbon-ms</Extensions>
    </Filter>
  </ItemGroup>
  <ItemGroup>
    <ClInclude Include="framework.h">
      <Filter>Fichiers d%27en-tête</Filter>
    </ClInclude>
    <ClInclude Include="targetver.h">
      <Filter>Fichiers d%27en-tête</Filter>
    </ClInclude>
    <ClInclude Include="Resource.h">
      <Filter>Fichiers d%27en-tête</Filter>
    </ClInclude>
    <ClInclude Include="ColorizingDMD.h">
      <Filter>Fichiers d%27en-tête</Filter>
    </ClInclude>
    <ClInclude Include="cRom.h">
      <Filter>Fichiers d%27en-tête</Filter>
    </ClInclude>
    <ClInclude Include="OGL_Immediate_2D.h">
      <Filter>Fichiers d%27en-tête</Filter>
    </ClInclude>
    <ClInclude Include="stb_image_write.h">
      <Filter>Fichiers d%27en-tête</Filter>
    </ClInclude>
    <ClInclude Include="gifenc.h">
      <Filter>Fichiers d%27en-tête</Filter>
    </ClInclude>
  </ItemGroup>
  <ItemGroup>
    <ClCompile Include="ColorizingDMD.cpp">
      <Filter>Fichiers sources</Filter>
    </ClCompile>
    <ClCompile Include="OGL_Immediate_2D.cpp">
      <Filter>Fichiers sources</Filter>
    </ClCompile>
    <ClCompile Include="gifenc.c">
      <Filter>Fichiers sources</Filter>
    </ClCompile>
  </ItemGroup>
  <ItemGroup>
    <ResourceCompile Include="ColorizingDMD.rc">
      <Filter>Fichiers de ressources</Filter>
    </ResourceCompile>
  </ItemGroup>
  <ItemGroup>
    <Image Include="ColorizingDMD.ico">
      <Filter>Fichiers de ressources</Filter>
    </Image>
    <Image Include="icons\add.ico">
      <Filter>Fichiers de ressources</Filter>
    </Image>
    <Image Include="icons\colorizedmode.ico">
      <Filter>Fichiers de ressources</Filter>
    </Image>
    <Image Include="icons\new.ico">
      <Filter>Fichiers de ressources</Filter>
    </Image>
    <Image Include="icons\originalmode.ico">
      <Filter>Fichiers de ressources</Filter>
    </Image>
    <Image Include="icons\openproj.ico">
      <Filter>Fichiers de ressources</Filter>
    </Image>
    <Image Include="icons\saveproj.ico">
      <Filter>Fichiers de ressources</Filter>
    </Image>
    <Image Include="icons\undo.ico">
      <Filter>Fichiers de ressources</Filter>
    </Image>
    <Image Include="icons\redo.ico">
      <Filter>Fichiers de ressources</Filter>
    </Image>
    <Image Include="icons\selall.ico">
      <Filter>Fichiers de ressources</Filter>
    </Image>
    <Image Include="icons\selmask.ico">
      <Filter>Fichiers de ressources</Filter>
    </Image>
    <Image Include="icons\selmovmask.ico">
      <Filter>Fichiers de ressources</Filter>
    </Image>
    <Image Include="icons\ColSet.ico">
      <Filter>Fichiers de ressources</Filter>
    </Image>
    <Image Include="icons\crayon.ico">
      <Filter>Fichiers de ressources</Filter>
    </Image>
    <Image Include="icons\cercle.ico">
      <Filter>Fichiers de ressources</Filter>
    </Image>
    <Image Include="icons\point.ico">
      <Filter>Fichiers de ressources</Filter>
    </Image>
    <Image Include="icons\rectangle.ico">
      <Filter>Fichiers de ressources</Filter>
    </Image>
    <Image Include="icons\trait.ico">
      <Filter>Fichiers de ressources</Filter>
    </Image>
    <Image Include="icons\fill.ico">
      <Filter>Fichiers de ressources</Filter>
    </Image>
    <Image Include="icons\ColsToSel.ico">
      <Filter>Fichiers de ressources</Filter>
    </Image>
    <Image Include="icons\colpick.ico">
      <Filter>Fichiers de ressources</Filter>
    </Image>
    <Image Include="icons\search.ico">
      <Filter>Fichiers de ressources</Filter>
    </Image>
    <Image Include="icons\s2.ico">
      <Filter>Fichiers de ressources</Filter>
    </Image>
    <Image Include="icons\delsamefr.ico">
      <Filter>Fichiers de ressources</Filter>
    </Image>
    <Image Include="icons\selsamefr.ico">
      <Filter>Fichiers de ressources</Filter>
    </Image>
    <Image Include="icons\copy.ico">
      <Filter>Fichiers de ressources</Filter>
    </Image>
    <Image Include="icons\paste.ico">
      <Filter>Fichiers de ressources</Filter>
    </Image>
    <Image Include="icons\mask-.ico">
      <Filter>Fichiers de ressources</Filter>
    </Image>
    <Image Include="icons\mask+.ico">
      <Filter>Fichiers de ressources</Filter>
    </Image>
    <Image Include="icons\addtab.ico">
      <Filter>Fichiers de ressources</Filter>
    </Image>
    <Image Include="icons\deltab.ico">
      <Filter>Fichiers de ressources</Filter>
    </Image>
    <Image Include="icons\4colcopy.ico">
      <Filter>Fichiers de ressources</Filter>
    </Image>
    <Image Include="icons\64colcopy.ico">
      <Filter>Fichiers de ressources</Filter>
    </Image>
    <Image Include="icons\coltodyna.ico">
      <Filter>Fichiers de ressources</Filter>
    </Image>
    <Image Include="cRom256.ico">
      <Filter>Fichiers de ressources</Filter>
    </Image>
    <Image Include="icons\icon8.ico">
      <Filter>Fichiers de ressources</Filter>
    </Image>
    <Image Include="icons\invertsel.ico">
      <Filter>Fichiers de ressources</Filter>
    </Image>
    <Image Include="icons\addspr.ico">
      <Filter>Fichiers de ressources</Filter>
    </Image>
    <Image Include="icons\delspr.ico">
      <Filter>Fichiers de ressources</Filter>
    </Image>
    <Image Include="icons\finddword.ico">
      <Filter>Fichiers de ressources</Filter>
    </Image>
    <Image Include="icons\delframe.ico">
      <Filter>Fichiers de ressources</Filter>
    </Image>
    <Image Include="icons\delallsamefr.ico">
      <Filter>Fichiers de ressources</Filter>
    </Image>
    <Image Include="icons\MoveSection.ico">
      <Filter>Fichiers de ressources</Filter>
    </Image>
    <Image Include="icons\addsprfr.ico">
      <Filter>Fichiers de ressources</Filter>
    </Image>
    <Image Include="icons\SpotOff.ico">
      <Filter>Fichiers de ressources</Filter>
    </Image>
    <Image Include="icons\SpotOn.ico">
      <Filter>Fichiers de ressources</Filter>
    </Image>
    <Image Include="..\..\OneDrive\C++\ColorizingDMD\icons\deldetspr.ico">
      <Filter>Fichiers de ressources</Filter>
    </Image>
    <Image Include="icons\sprtoframe.ico">
      <Filter>Fichiers de ressources</Filter>
    </Image>
    <Image Include="icons\deldetspr.ico">
      <Filter>Fichiers de ressources</Filter>
    </Image>
    <Image Include="icons\trialpha.ico">
      <Filter>Fichiers de ressources</Filter>
    </Image>
    <Image Include="icons\delselsamefr.ico">
      <Filter>Fichiers de ressources</Filter>
    </Image>
    <Image Include="icons\nightday.ico">
      <Filter>Fichiers de ressources</Filter>
    </Image>
    <Image Include="ColorizingDMD\icons\col3.png">
      <Filter>Fichiers de ressources</Filter>
    </Image>
    <Image Include="ColorizingDMD\icons\icon1.ico">
      <Filter>Fichiers de ressources</Filter>
    </Image>
    <Image Include="icons\clipimage.ico">
      <Filter>Fichiers de ressources</Filter>
    </Image>
    <Image Include="icons\delimage.ico">
      <Filter>Fichiers de ressources</Filter>
    </Image>
    <Image Include="icons\loadimage.ico">
      <Filter>Fichiers de ressources</Filter>
    </Image>
    <Image Include="icons\zoomin.ico">
      <Filter>Fichiers de ressources</Filter>
    </Image>
    <Image Include="icons\zoomout.ico">
      <Filter>Fichiers de ressources</Filter>
    </Image>
    <Image Include="icons\downscale.ico">
      <Filter>Fichiers de ressources</Filter>
    </Image>
    <Image Include="icons\upscale.ico">
      <Filter>Fichiers de ressources</Filter>
    </Image>
    <Image Include="icons\ellipse.png">
      <Filter>Fichiers de ressources</Filter>
    </Image>
    <Image Include="icons\ellipse.ico">
      <Filter>Fichiers de ressources</Filter>
    </Image>
  </ItemGroup>
  <ItemGroup>
    <Text Include="formats.txt" />
    <Text Include="manual.txt">
      <Filter>Fichiers sources</Filter>
    </Text>
  </ItemGroup>
  <ItemGroup>
    <None Include="NODROP.cur">
      <Filter>Fichiers de ressources</Filter>
    </None>
    <None Include="icons\magicwand.cur">
      <Filter>Fichiers de ressources</Filter>
    </None>
    <None Include="icons\colpick.cur">
      <Filter>Fichiers de ressources</Filter>
    </None>
    <None Include="POINTER.cur">
      <Filter>Fichiers de ressources</Filter>
    </None>
    <None Include="icons\cursor1.cur">
      <Filter>Fichiers de ressources</Filter>
    </None>
    <None Include="cursor1.cur">
      <Filter>Fichiers de ressources</Filter>
    </None>
    <None Include="paste.cur">
      <Filter>Fichiers de ressources</Filter>
    </None>
    <None Include="icons\cursor2.cur">
      <Filter>Fichiers de ressources</Filter>
    </None>
  </ItemGroup>
</Project>